
Microsoft Visual Studio Solution File, Format Version 12.00
# Visual Studio Version 16
VisualStudioVersion = 16.0.29709.97
MinimumVisualStudioVersion = 10.0.40219.1
Project("{9A19103F-16F7-4668-BE54-9A1E7A4F7556}") = "HW0705", "HW0705\HW0705.csproj", "{1538148A-AC1A-4767-8D7B-8CA64A2EE8EA}"
EndProject
Project("{FAE04EC0-301F-11D3-BF4B-00C04F79EFBC}") = "HW20.1", "HW20.1\HW20.1.csproj", "{9E6716F6-FC1A-42B3-9043-309E3BCF5337}"
EndProject
Global
	GlobalSection(SolutionConfigurationPlatforms) = preSolution
		Debug|Any CPU = Debug|Any CPU
		Release|Any CPU = Release|Any CPU
	EndGlobalSection
	GlobalSection(ProjectConfigurationPlatforms) = postSolution
		{1538148A-AC1A-4767-8D7B-8CA64A2EE8EA}.Debug|Any CPU.ActiveCfg = Debug|Any CPU
		{1538148A-AC1A-4767-8D7B-8CA64A2EE8EA}.Debug|Any CPU.Build.0 = Debug|Any CPU
		{1538148A-AC1A-4767-8D7B-8CA64A2EE8EA}.Release|Any CPU.ActiveCfg = Release|Any CPU
		{1538148A-AC1A-4767-8D7B-8CA64A2EE8EA}.Release|Any CPU.Build.0 = Release|Any CPU
		{9E6716F6-FC1A-42B3-9043-309E3BCF5337}.Debug|Any CPU.ActiveCfg = Debug|Any CPU
		{9E6716F6-FC1A-42B3-9043-309E3BCF5337}.Debug|Any CPU.Build.0 = Debug|Any CPU
		{9E6716F6-FC1A-42B3-9043-309E3BCF5337}.Release|Any CPU.ActiveCfg = Release|Any CPU
		{9E6716F6-FC1A-42B3-9043-309E3BCF5337}.Release|Any CPU.Build.0 = Release|Any CPU
	EndGlobalSection
	GlobalSection(SolutionProperties) = preSolution
		HideSolutionNode = FALSE
	EndGlobalSection
	GlobalSection(ExtensibilityGlobals) = postSolution
		SolutionGuid = {DB29088C-7CE6-49AB-8114-713134C0F733}
	EndGlobalSection
EndGlobal
