
Microsoft Visual Studio Solution File, Format Version 12.00
# Visual Studio Version 16
VisualStudioVersion = 16.0.29709.97
MinimumVisualStudioVersion = 10.0.40219.1
Project("{FAE04EC0-301F-11D3-BF4B-00C04F79EFBC}") = "HomeWork20", "HomeWork20\HomeWork20.csproj", "{34556B49-62B7-4164-9974-0DDCCA550697}"
EndProject
Project("{FAE04EC0-301F-11D3-BF4B-00C04F79EFBC}") = "TaskCarWash", "TaskCarWash\TaskCarWash.csproj", "{AA8CE426-5839-4AD6-A5B8-CD8C376C2FD5}"
EndProject
Global
	GlobalSection(SolutionConfigurationPlatforms) = preSolution
		Debug|Any CPU = Debug|Any CPU
		Release|Any CPU = Release|Any CPU
	EndGlobalSection
	GlobalSection(ProjectConfigurationPlatforms) = postSolution
		{34556B49-62B7-4164-9974-0DDCCA550697}.Debug|Any CPU.ActiveCfg = Debug|Any CPU
		{34556B49-62B7-4164-9974-0DDCCA550697}.Debug|Any CPU.Build.0 = Debug|Any CPU
		{34556B49-62B7-4164-9974-0DDCCA550697}.Release|Any CPU.ActiveCfg = Release|Any CPU
		{34556B49-62B7-4164-9974-0DDCCA550697}.Release|Any CPU.Build.0 = Release|Any CPU
		{AA8CE426-5839-4AD6-A5B8-CD8C376C2FD5}.Debug|Any CPU.ActiveCfg = Debug|Any CPU
		{AA8CE426-5839-4AD6-A5B8-CD8C376C2FD5}.Debug|Any CPU.Build.0 = Debug|Any CPU
		{AA8CE426-5839-4AD6-A5B8-CD8C376C2FD5}.Release|Any CPU.ActiveCfg = Release|Any CPU
		{AA8CE426-5839-4AD6-A5B8-CD8C376C2FD5}.Release|Any CPU.Build.0 = Release|Any CPU
	EndGlobalSection
	GlobalSection(SolutionProperties) = preSolution
		HideSolutionNode = FALSE
	EndGlobalSection
	GlobalSection(ExtensibilityGlobals) = postSolution
		SolutionGuid = {7BEAE8BA-DE7E-4D8D-9197-5BDC1A472589}
	EndGlobalSection
EndGlobal
